// !$*UTF8*$!
{
	archiveVersion = 1;
	classes = {
	};
	objectVersion = 55;
	objects = {

/* Begin PBXBuildFile section */
		20C4531E7CC1ACE60BF8281F /* Pods_ja_jang.framework in Frameworks */ = {isa = PBXBuildFile; fileRef = C25DC41E27A930EE00928111 /* Pods_ja_jang.framework */; };
		C254E22427A916F10015D477 /* GoogleService-Info.plist in Resources */ = {isa = PBXBuildFile; fileRef = C254E22327A916F00015D477 /* GoogleService-Info.plist */; };
		C26EF1A427984C0100362856 /* RecordView.swift in Sources */ = {isa = PBXBuildFile; fileRef = C26EF1A327984C0000362856 /* RecordView.swift */; };
		C28B2C632796EA7D001216EA /* DearLoveApp.swift in Sources */ = {isa = PBXBuildFile; fileRef = C28B2C622796EA7D001216EA /* DearLoveApp.swift */; };
		C28B2C652796EA7D001216EA /* ContentView.swift in Sources */ = {isa = PBXBuildFile; fileRef = C28B2C642796EA7D001216EA /* ContentView.swift */; };
		C28B2C672796EA7F001216EA /* Assets.xcassets in Resources */ = {isa = PBXBuildFile; fileRef = C28B2C662796EA7F001216EA /* Assets.xcassets */; };
		C28B2C6A2796EA7F001216EA /* Preview Assets.xcassets in Resources */ = {isa = PBXBuildFile; fileRef = C28B2C692796EA7F001216EA /* Preview Assets.xcassets */; };
/* End PBXBuildFile section */

/* Begin PBXFileReference section */
		26B816EB2A174B12B48CF377 /* Pods-ja-jang.release.xcconfig */ = {isa = PBXFileReference; includeInIndex = 1; lastKnownFileType = text.xcconfig; name = "Pods-ja-jang.release.xcconfig"; path = "Target Support Files/Pods-ja-jang/Pods-ja-jang.release.xcconfig"; sourceTree = "<group>"; };
		3D0D33EE874700A84429AACB /* Pods-ja-jang.debug.xcconfig */ = {isa = PBXFileReference; includeInIndex = 1; lastKnownFileType = text.xcconfig; name = "Pods-ja-jang.debug.xcconfig"; path = "Target Support Files/Pods-ja-jang/Pods-ja-jang.debug.xcconfig"; sourceTree = "<group>"; };
		AE17D7CEAEED79BA58A955EE /* Pods_ja_jang.framework */ = {isa = PBXFileReference; explicitFileType = wrapper.framework; includeInIndex = 0; path = Pods_ja_jang.framework; sourceTree = BUILT_PRODUCTS_DIR; };
		C254E22327A916F00015D477 /* GoogleService-Info.plist */ = {isa = PBXFileReference; fileEncoding = 4; lastKnownFileType = text.plist.xml; path = "GoogleService-Info.plist"; sourceTree = "<group>"; };
		C25DC41027A930EE00928111 /* absl.framework */ = {isa = PBXFileReference; explicitFileType = wrapper.framework; path = absl.framework; sourceTree = BUILT_PRODUCTS_DIR; };
		C25DC41127A930EE00928111 /* FBLPromises.framework */ = {isa = PBXFileReference; explicitFileType = wrapper.framework; path = FBLPromises.framework; sourceTree = BUILT_PRODUCTS_DIR; };
		C25DC41227A930EE00928111 /* FirebaseCore.framework */ = {isa = PBXFileReference; explicitFileType = wrapper.framework; path = FirebaseCore.framework; sourceTree = BUILT_PRODUCTS_DIR; };
		C25DC41327A930EE00928111 /* FirebaseCoreDiagnostics.framework */ = {isa = PBXFileReference; explicitFileType = wrapper.framework; path = FirebaseCoreDiagnostics.framework; sourceTree = BUILT_PRODUCTS_DIR; };
		C25DC41427A930EE00928111 /* FirebaseFirestore.framework */ = {isa = PBXFileReference; explicitFileType = wrapper.framework; path = FirebaseFirestore.framework; sourceTree = BUILT_PRODUCTS_DIR; };
		C25DC41527A930EE00928111 /* FirebaseFirestoreSwift.framework */ = {isa = PBXFileReference; explicitFileType = wrapper.framework; path = FirebaseFirestoreSwift.framework; sourceTree = BUILT_PRODUCTS_DIR; };
		C25DC41627A930EE00928111 /* GoogleDataTransport.framework */ = {isa = PBXFileReference; explicitFileType = wrapper.framework; path = GoogleDataTransport.framework; sourceTree = BUILT_PRODUCTS_DIR; };
		C25DC41727A930EE00928111 /* GoogleUtilities.framework */ = {isa = PBXFileReference; explicitFileType = wrapper.framework; path = GoogleUtilities.framework; sourceTree = BUILT_PRODUCTS_DIR; };
		C25DC41827A930EE00928111 /* grpc.framework */ = {isa = PBXFileReference; explicitFileType = wrapper.framework; path = grpc.framework; sourceTree = BUILT_PRODUCTS_DIR; };
		C25DC41927A930EE00928111 /* gRPCCertificates-Cpp.bundle */ = {isa = PBXFileReference; explicitFileType = wrapper.cfbundle; path = "gRPCCertificates-Cpp.bundle"; sourceTree = BUILT_PRODUCTS_DIR; };
		C25DC41A27A930EE00928111 /* grpcpp.framework */ = {isa = PBXFileReference; explicitFileType = wrapper.framework; path = grpcpp.framework; sourceTree = BUILT_PRODUCTS_DIR; };
		C25DC41B27A930EE00928111 /* leveldb.framework */ = {isa = PBXFileReference; explicitFileType = wrapper.framework; path = leveldb.framework; sourceTree = BUILT_PRODUCTS_DIR; };
		C25DC41C27A930EE00928111 /* nanopb.framework */ = {isa = PBXFileReference; explicitFileType = wrapper.framework; path = nanopb.framework; sourceTree = BUILT_PRODUCTS_DIR; };
		C25DC41D27A930EE00928111 /* openssl_grpc.framework */ = {isa = PBXFileReference; explicitFileType = wrapper.framework; path = openssl_grpc.framework; sourceTree = BUILT_PRODUCTS_DIR; };
		C25DC41E27A930EE00928111 /* Pods_ja_jang.framework */ = {isa = PBXFileReference; explicitFileType = wrapper.framework; path = Pods_ja_jang.framework; sourceTree = BUILT_PRODUCTS_DIR; };
		C26EF1A327984C0000362856 /* RecordView.swift */ = {isa = PBXFileReference; lastKnownFileType = sourcecode.swift; path = RecordView.swift; sourceTree = "<group>"; };
		C28B2C5F2796EA7D001216EA /* ja-jang.app */ = {isa = PBXFileReference; explicitFileType = wrapper.application; includeInIndex = 0; path = "ja-jang.app"; sourceTree = BUILT_PRODUCTS_DIR; };
		C28B2C622796EA7D001216EA /* DearLoveApp.swift */ = {isa = PBXFileReference; lastKnownFileType = sourcecode.swift; path = DearLoveApp.swift; sourceTree = "<group>"; };
		C28B2C642796EA7D001216EA /* ContentView.swift */ = {isa = PBXFileReference; lastKnownFileType = sourcecode.swift; path = ContentView.swift; sourceTree = "<group>"; };
		C28B2C662796EA7F001216EA /* Assets.xcassets */ = {isa = PBXFileReference; lastKnownFileType = folder.assetcatalog; path = Assets.xcassets; sourceTree = "<group>"; };
		C28B2C692796EA7F001216EA /* Preview Assets.xcassets */ = {isa = PBXFileReference; lastKnownFileType = folder.assetcatalog; path = "Preview Assets.xcassets"; sourceTree = "<group>"; };
		C2DCE89B27A90D0100F8867D /* README.md */ = {isa = PBXFileReference; lastKnownFileType = net.daringfireball.markdown; path = README.md; sourceTree = "<group>"; };
/* End PBXFileReference section */

/* Begin PBXFrameworksBuildPhase section */
		C28B2C5C2796EA7D001216EA /* Frameworks */ = {
			isa = PBXFrameworksBuildPhase;
			buildActionMask = 2147483647;
			files = (
				20C4531E7CC1ACE60BF8281F /* Pods_ja_jang.framework in Frameworks */,
			);
			runOnlyForDeploymentPostprocessing = 0;
		};
/* End PBXFrameworksBuildPhase section */

/* Begin PBXGroup section */
		C26EF1A2279830B900362856 /* Views */ = {
			isa = PBXGroup;
			children = (
				C28B2C642796EA7D001216EA /* ContentView.swift */,
				C26EF1A327984C0000362856 /* RecordView.swift */,
			);
			path = Views;
			sourceTree = "<group>";
		};
		C28B2C562796EA7D001216EA = {
			isa = PBXGroup;
			children = (
				C2DCE89B27A90D0100F8867D /* README.md */,
				C28B2C612796EA7D001216EA /* ja-jang */,
				C28B2C602796EA7D001216EA /* Products */,
				C2DCE86427A6959900F8867D /* Frameworks */,
				E03A458A2D38A6EB601062E0 /* Pods */,
			);
			sourceTree = "<group>";
		};
		C28B2C602796EA7D001216EA /* Products */ = {
			isa = PBXGroup;
			children = (
				C28B2C5F2796EA7D001216EA /* ja-jang.app */,
			);
			name = Products;
			sourceTree = "<group>";
		};
		C28B2C612796EA7D001216EA /* ja-jang */ = {
			isa = PBXGroup;
			children = (
				C254E22327A916F00015D477 /* GoogleService-Info.plist */,
				C26EF1A2279830B900362856 /* Views */,
				C28B2C622796EA7D001216EA /* DearLoveApp.swift */,
				C28B2C662796EA7F001216EA /* Assets.xcassets */,
				C28B2C682796EA7F001216EA /* Preview Content */,
			);
			path = "ja-jang";
			sourceTree = "<group>";
		};
		C28B2C682796EA7F001216EA /* Preview Content */ = {
			isa = PBXGroup;
			children = (
				C28B2C692796EA7F001216EA /* Preview Assets.xcassets */,
			);
			path = "Preview Content";
			sourceTree = "<group>";
		};
		C2DCE86427A6959900F8867D /* Frameworks */ = {
			isa = PBXGroup;
			children = (
				C25DC41027A930EE00928111 /* absl.framework */,
				C25DC41127A930EE00928111 /* FBLPromises.framework */,
				C25DC41227A930EE00928111 /* FirebaseCore.framework */,
				C25DC41327A930EE00928111 /* FirebaseCoreDiagnostics.framework */,
				C25DC41427A930EE00928111 /* FirebaseFirestore.framework */,
				C25DC41527A930EE00928111 /* FirebaseFirestoreSwift.framework */,
				C25DC41627A930EE00928111 /* GoogleDataTransport.framework */,
				C25DC41727A930EE00928111 /* GoogleUtilities.framework */,
				C25DC41827A930EE00928111 /* grpc.framework */,
				C25DC41927A930EE00928111 /* gRPCCertificates-Cpp.bundle */,
				C25DC41A27A930EE00928111 /* grpcpp.framework */,
				C25DC41B27A930EE00928111 /* leveldb.framework */,
				C25DC41C27A930EE00928111 /* nanopb.framework */,
				C25DC41D27A930EE00928111 /* openssl_grpc.framework */,
				C25DC41E27A930EE00928111 /* Pods_ja_jang.framework */,
				AE17D7CEAEED79BA58A955EE /* Pods_ja_jang.framework */,
			);
			name = Frameworks;
			sourceTree = "<group>";
		};
		E03A458A2D38A6EB601062E0 /* Pods */ = {
			isa = PBXGroup;
			children = (
				3D0D33EE874700A84429AACB /* Pods-ja-jang.debug.xcconfig */,
				26B816EB2A174B12B48CF377 /* Pods-ja-jang.release.xcconfig */,
			);
			path = Pods;
			sourceTree = "<group>";
		};
/* End PBXGroup section */

/* Begin PBXNativeTarget section */
		C28B2C5E2796EA7D001216EA /* ja-jang */ = {
			isa = PBXNativeTarget;
			buildConfigurationList = C28B2C6D2796EA7F001216EA /* Build configuration list for PBXNativeTarget "ja-jang" */;
			buildPhases = (
				E39ED0AC8FF2B99BA61BE562 /* [CP] Check Pods Manifest.lock */,
				C28B2C5B2796EA7D001216EA /* Sources */,
				C28B2C5C2796EA7D001216EA /* Frameworks */,
				C28B2C5D2796EA7D001216EA /* Resources */,
				6220A0AE10744394288B1D1E /* [CP] Embed Pods Frameworks */,
			);
			buildRules = (
			);
			dependencies = (
			);
			name = "ja-jang";
			packageProductDependencies = (
			);
			productName = "ja-jang";
			productReference = C28B2C5F2796EA7D001216EA /* ja-jang.app */;
			productType = "com.apple.product-type.application";
		};
/* End PBXNativeTarget section */

/* Begin PBXProject section */
		C28B2C572796EA7D001216EA /* Project object */ = {
			isa = PBXProject;
			attributes = {
				BuildIndependentTargetsInParallel = 1;
				LastSwiftUpdateCheck = 1320;
				LastUpgradeCheck = 1320;
				TargetAttributes = {
					C28B2C5E2796EA7D001216EA = {
						CreatedOnToolsVersion = 13.2.1;
					};
				};
			};
			buildConfigurationList = C28B2C5A2796EA7D001216EA /* Build configuration list for PBXProject "ja-jang" */;
			compatibilityVersion = "Xcode 13.0";
			developmentRegion = en;
			hasScannedForEncodings = 0;
			knownRegions = (
				en,
				Base,
			);
			mainGroup = C28B2C562796EA7D001216EA;
			packageReferences = (
				C21D758427A68F69001F8E25 /* XCRemoteSwiftPackageReference "firebase-ios-sdk" */,
			);
			productRefGroup = C28B2C602796EA7D001216EA /* Products */;
			projectDirPath = "";
			projectRoot = "";
			targets = (
				C28B2C5E2796EA7D001216EA /* ja-jang */,
			);
		};
/* End PBXProject section */

/* Begin PBXResourcesBuildPhase section */
		C28B2C5D2796EA7D001216EA /* Resources */ = {
			isa = PBXResourcesBuildPhase;
			buildActionMask = 2147483647;
			files = (
				C254E22427A916F10015D477 /* GoogleService-Info.plist in Resources */,
				C28B2C6A2796EA7F001216EA /* Preview Assets.xcassets in Resources */,
				C28B2C672796EA7F001216EA /* Assets.xcassets in Resources */,
			);
			runOnlyForDeploymentPostprocessing = 0;
		};
/* End PBXResourcesBuildPhase section */

/* Begin PBXShellScriptBuildPhase section */
		6220A0AE10744394288B1D1E /* [CP] Embed Pods Frameworks */ = {
			isa = PBXShellScriptBuildPhase;
			buildActionMask = 2147483647;
			files = (
			);
			inputFileListPaths = (
				"${PODS_ROOT}/Target Support Files/Pods-ja-jang/Pods-ja-jang-frameworks-${CONFIGURATION}-input-files.xcfilelist",
			);
			name = "[CP] Embed Pods Frameworks";
			outputFileListPaths = (
				"${PODS_ROOT}/Target Support Files/Pods-ja-jang/Pods-ja-jang-frameworks-${CONFIGURATION}-output-files.xcfilelist",
			);
			runOnlyForDeploymentPostprocessing = 0;
			shellPath = /bin/sh;
			shellScript = "\"${PODS_ROOT}/Target Support Files/Pods-ja-jang/Pods-ja-jang-frameworks.sh\"\n";
			showEnvVarsInLog = 0;
		};
		E39ED0AC8FF2B99BA61BE562 /* [CP] Check Pods Manifest.lock */ = {
			isa = PBXShellScriptBuildPhase;
			buildActionMask = 2147483647;
			files = (
			);
			inputFileListPaths = (
			);
			inputPaths = (
				"${PODS_PODFILE_DIR_PATH}/Podfile.lock",
				"${PODS_ROOT}/Manifest.lock",
			);
			name = "[CP] Check Pods Manifest.lock";
			outputFileListPaths = (
			);
			outputPaths = (
				"$(DERIVED_FILE_DIR)/Pods-ja-jang-checkManifestLockResult.txt",
			);
			runOnlyForDeploymentPostprocessing = 0;
			shellPath = /bin/sh;
			shellScript = "diff \"${PODS_PODFILE_DIR_PATH}/Podfile.lock\" \"${PODS_ROOT}/Manifest.lock\" > /dev/null\nif [ $? != 0 ] ; then\n    # print error to STDERR\n    echo \"error: The sandbox is not in sync with the Podfile.lock. Run 'pod install' or update your CocoaPods installation.\" >&2\n    exit 1\nfi\n# This output is used by Xcode 'outputs' to avoid re-running this script phase.\necho \"SUCCESS\" > \"${SCRIPT_OUTPUT_FILE_0}\"\n";
			showEnvVarsInLog = 0;
		};
/* End PBXShellScriptBuildPhase section */

/* Begin PBXSourcesBuildPhase section */
		C28B2C5B2796EA7D001216EA /* Sources */ = {
			isa = PBXSourcesBuildPhase;
			buildActionMask = 2147483647;
			files = (
				C28B2C652796EA7D001216EA /* ContentView.swift in Sources */,
				C26EF1A427984C0100362856 /* RecordView.swift in Sources */,
				C28B2C632796EA7D001216EA /* DearLoveApp.swift in Sources */,
			);
			runOnlyForDeploymentPostprocessing = 0;
		};
/* End PBXSourcesBuildPhase section */

/* Begin XCBuildConfiguration section */
		C28B2C6B2796EA7F001216EA /* Debug */ = {
			isa = XCBuildConfiguration;
			buildSettings = {
				ALWAYS_SEARCH_USER_PATHS = NO;
				CLANG_ANALYZER_NONNULL = YES;
				CLANG_ANALYZER_NUMBER_OBJECT_CONVERSION = YES_AGGRESSIVE;
				CLANG_CXX_LANGUAGE_STANDARD = "gnu++17";
				CLANG_CXX_LIBRARY = "libc++";
				CLANG_ENABLE_MODULES = YES;
				CLANG_ENABLE_OBJC_ARC = YES;
				CLANG_ENABLE_OBJC_WEAK = YES;
				CLANG_WARN_BLOCK_CAPTURE_AUTORELEASING = YES;
				CLANG_WARN_BOOL_CONVERSION = YES;
				CLANG_WARN_COMMA = YES;
				CLANG_WARN_CONSTANT_CONVERSION = YES;
				CLANG_WARN_DEPRECATED_OBJC_IMPLEMENTATIONS = YES;
				CLANG_WARN_DIRECT_OBJC_ISA_USAGE = YES_ERROR;
				CLANG_WARN_DOCUMENTATION_COMMENTS = YES;
				CLANG_WARN_EMPTY_BODY = YES;
				CLANG_WARN_ENUM_CONVERSION = YES;
				CLANG_WARN_INFINITE_RECURSION = YES;
				CLANG_WARN_INT_CONVERSION = YES;
				CLANG_WARN_NON_LITERAL_NULL_CONVERSION = YES;
				CLANG_WARN_OBJC_IMPLICIT_RETAIN_SELF = YES;
				CLANG_WARN_OBJC_LITERAL_CONVERSION = YES;
				CLANG_WARN_OBJC_ROOT_CLASS = YES_ERROR;
				CLANG_WARN_QUOTED_INCLUDE_IN_FRAMEWORK_HEADER = YES;
				CLANG_WARN_RANGE_LOOP_ANALYSIS = YES;
				CLANG_WARN_STRICT_PROTOTYPES = YES;
				CLANG_WARN_SUSPICIOUS_MOVE = YES;
				CLANG_WARN_UNGUARDED_AVAILABILITY = YES_AGGRESSIVE;
				CLANG_WARN_UNREACHABLE_CODE = YES;
				CLANG_WARN__DUPLICATE_METHOD_MATCH = YES;
				COPY_PHASE_STRIP = NO;
				DEBUG_INFORMATION_FORMAT = dwarf;
				ENABLE_STRICT_OBJC_MSGSEND = YES;
				ENABLE_TESTABILITY = YES;
				GCC_C_LANGUAGE_STANDARD = gnu11;
				GCC_DYNAMIC_NO_PIC = NO;
				GCC_NO_COMMON_BLOCKS = YES;
				GCC_OPTIMIZATION_LEVEL = 0;
				GCC_PREPROCESSOR_DEFINITIONS = (
					"DEBUG=1",
					"$(inherited)",
				);
				GCC_WARN_64_TO_32_BIT_CONVERSION = YES;
				GCC_WARN_ABOUT_RETURN_TYPE = YES_ERROR;
				GCC_WARN_UNDECLARED_SELECTOR = YES;
				GCC_WARN_UNINITIALIZED_AUTOS = YES_AGGRESSIVE;
				GCC_WARN_UNUSED_FUNCTION = YES;
				GCC_WARN_UNUSED_VARIABLE = YES;
				IPHONEOS_DEPLOYMENT_TARGET = 15.2;
				MTL_ENABLE_DEBUG_INFO = INCLUDE_SOURCE;
				MTL_FAST_MATH = YES;
				ONLY_ACTIVE_ARCH = YES;
				SDKROOT = iphoneos;
				SWIFT_ACTIVE_COMPILATION_CONDITIONS = DEBUG;
				SWIFT_OPTIMIZATION_LEVEL = "-Onone";
			};
			name = Debug;
		};
		C28B2C6C2796EA7F001216EA /* Release */ = {
			isa = XCBuildConfiguration;
			buildSettings = {
				ALWAYS_SEARCH_USER_PATHS = NO;
				CLANG_ANALYZER_NONNULL = YES;
				CLANG_ANALYZER_NUMBER_OBJECT_CONVERSION = YES_AGGRESSIVE;
				CLANG_CXX_LANGUAGE_STANDARD = "gnu++17";
				CLANG_CXX_LIBRARY = "libc++";
				CLANG_ENABLE_MODULES = YES;
				CLANG_ENABLE_OBJC_ARC = YES;
				CLANG_ENABLE_OBJC_WEAK = YES;
				CLANG_WARN_BLOCK_CAPTURE_AUTORELEASING = YES;
				CLANG_WARN_BOOL_CONVERSION = YES;
				CLANG_WARN_COMMA = YES;
				CLANG_WARN_CONSTANT_CONVERSION = YES;
				CLANG_WARN_DEPRECATED_OBJC_IMPLEMENTATIONS = YES;
				CLANG_WARN_DIRECT_OBJC_ISA_USAGE = YES_ERROR;
				CLANG_WARN_DOCUMENTATION_COMMENTS = YES;
				CLANG_WARN_EMPTY_BODY = YES;
				CLANG_WARN_ENUM_CONVERSION = YES;
				CLANG_WARN_INFINITE_RECURSION = YES;
				CLANG_WARN_INT_CONVERSION = YES;
				CLANG_WARN_NON_LITERAL_NULL_CONVERSION = YES;
				CLANG_WARN_OBJC_IMPLICIT_RETAIN_SELF = YES;
				CLANG_WARN_OBJC_LITERAL_CONVERSION = YES;
				CLANG_WARN_OBJC_ROOT_CLASS = YES_ERROR;
				CLANG_WARN_QUOTED_INCLUDE_IN_FRAMEWORK_HEADER = YES;
				CLANG_WARN_RANGE_LOOP_ANALYSIS = YES;
				CLANG_WARN_STRICT_PROTOTYPES = YES;
				CLANG_WARN_SUSPICIOUS_MOVE = YES;
				CLANG_WARN_UNGUARDED_AVAILABILITY = YES_AGGRESSIVE;
				CLANG_WARN_UNREACHABLE_CODE = YES;
				CLANG_WARN__DUPLICATE_METHOD_MATCH = YES;
				COPY_PHASE_STRIP = NO;
				DEBUG_INFORMATION_FORMAT = "dwarf-with-dsym";
				ENABLE_NS_ASSERTIONS = NO;
				ENABLE_STRICT_OBJC_MSGSEND = YES;
				GCC_C_LANGUAGE_STANDARD = gnu11;
				GCC_NO_COMMON_BLOCKS = YES;
				GCC_WARN_64_TO_32_BIT_CONVERSION = YES;
				GCC_WARN_ABOUT_RETURN_TYPE = YES_ERROR;
				GCC_WARN_UNDECLARED_SELECTOR = YES;
				GCC_WARN_UNINITIALIZED_AUTOS = YES_AGGRESSIVE;
				GCC_WARN_UNUSED_FUNCTION = YES;
				GCC_WARN_UNUSED_VARIABLE = YES;
				IPHONEOS_DEPLOYMENT_TARGET = 15.2;
				MTL_ENABLE_DEBUG_INFO = NO;
				MTL_FAST_MATH = YES;
				SDKROOT = iphoneos;
				SWIFT_COMPILATION_MODE = wholemodule;
				SWIFT_OPTIMIZATION_LEVEL = "-O";
				VALIDATE_PRODUCT = YES;
			};
			name = Release;
		};
		C28B2C6E2796EA7F001216EA /* Debug */ = {
			isa = XCBuildConfiguration;
			baseConfigurationReference = 3D0D33EE874700A84429AACB /* Pods-ja-jang.debug.xcconfig */;
			buildSettings = {
				ASSETCATALOG_COMPILER_APPICON_NAME = AppIcon;
				ASSETCATALOG_COMPILER_GLOBAL_ACCENT_COLOR_NAME = AccentColor;
				CODE_SIGN_STYLE = Automatic;
				CURRENT_PROJECT_VERSION = 1;
				DEVELOPMENT_ASSET_PATHS = "\"ja-jang/Preview Content\"";
				ENABLE_PREVIEWS = YES;
				GENERATE_INFOPLIST_FILE = YES;
				INFOPLIST_KEY_UIApplicationSceneManifest_Generation = YES;
				INFOPLIST_KEY_UIApplicationSupportsIndirectInputEvents = YES;
				INFOPLIST_KEY_UILaunchScreen_Generation = YES;
				INFOPLIST_KEY_UISupportedInterfaceOrientations_iPad = "UIInterfaceOrientationPortrait UIInterfaceOrientationPortraitUpsideDown UIInterfaceOrientationLandscapeLeft UIInterfaceOrientationLandscapeRight";
				INFOPLIST_KEY_UISupportedInterfaceOrientations_iPhone = "UIInterfaceOrientationPortrait UIInterfaceOrientationLandscapeLeft UIInterfaceOrientationLandscapeRight";
				LD_RUNPATH_SEARCH_PATHS = (
					"$(inherited)",
					"@executable_path/Frameworks",
				);
				MARKETING_VERSION = 1.0;
				PRODUCT_BUNDLE_IDENTIFIER = "kr.funch.ja-jang";
				PRODUCT_NAME = "$(TARGET_NAME)";
				SWIFT_EMIT_LOC_STRINGS = YES;
				SWIFT_VERSION = 5.0;
				TARGETED_DEVICE_FAMILY = "1,2";
			};
			name = Debug;
		};
		C28B2C6F2796EA7F001216EA /* Release */ = {
			isa = XCBuildConfiguration;
			baseConfigurationReference = 26B816EB2A174B12B48CF377 /* Pods-ja-jang.release.xcconfig */;
			buildSettings = {
				ASSETCATALOG_COMPILER_APPICON_NAME = AppIcon;
				ASSETCATALOG_COMPILER_GLOBAL_ACCENT_COLOR_NAME = AccentColor;
				CODE_SIGN_STYLE = Automatic;
				CURRENT_PROJECT_VERSION = 1;
				DEVELOPMENT_ASSET_PATHS = "\"ja-jang/Preview Content\"";
				ENABLE_PREVIEWS = YES;
				GENERATE_INFOPLIST_FILE = YES;
				INFOPLIST_KEY_UIApplicationSceneManifest_Generation = YES;
				INFOPLIST_KEY_UIApplicationSupportsIndirectInputEvents = YES;
				INFOPLIST_KEY_UILaunchScreen_Generation = YES;
				INFOPLIST_KEY_UISupportedInterfaceOrientations_iPad = "UIInterfaceOrientationPortrait UIInterfaceOrientationPortraitUpsideDown UIInterfaceOrientationLandscapeLeft UIInterfaceOrientationLandscapeRight";
				INFOPLIST_KEY_UISupportedInterfaceOrientations_iPhone = "UIInterfaceOrientationPortrait UIInterfaceOrientationLandscapeLeft UIInterfaceOrientationLandscapeRight";
				LD_RUNPATH_SEARCH_PATHS = (
					"$(inherited)",
					"@executable_path/Frameworks",
				);
				MARKETING_VERSION = 1.0;
				PRODUCT_BUNDLE_IDENTIFIER = "kr.funch.ja-jang";
				PRODUCT_NAME = "$(TARGET_NAME)";
				SWIFT_EMIT_LOC_STRINGS = YES;
				SWIFT_VERSION = 5.0;
				TARGETED_DEVICE_FAMILY = "1,2";
			};
			name = Release;
		};
/* End XCBuildConfiguration section */

/* Begin XCConfigurationList section */
		C28B2C5A2796EA7D001216EA /* Build configuration list for PBXProject "ja-jang" */ = {
			isa = XCConfigurationList;
			buildConfigurations = (
				C28B2C6B2796EA7F001216EA /* Debug */,
				C28B2C6C2796EA7F001216EA /* Release */,
			);
			defaultConfigurationIsVisible = 0;
			defaultConfigurationName = Release;
		};
		C28B2C6D2796EA7F001216EA /* Build configuration list for PBXNativeTarget "ja-jang" */ = {
			isa = XCConfigurationList;
			buildConfigurations = (
				C28B2C6E2796EA7F001216EA /* Debug */,
				C28B2C6F2796EA7F001216EA /* Release */,
			);
			defaultConfigurationIsVisible = 0;
			defaultConfigurationName = Release;
		};
/* End XCConfigurationList section */

/* Begin XCRemoteSwiftPackageReference section */
		C21D758427A68F69001F8E25 /* XCRemoteSwiftPackageReference "firebase-ios-sdk" */ = {
			isa = XCRemoteSwiftPackageReference;
			repositoryURL = "https://github.com/firebase/firebase-ios-sdk";
			requirement = {
				kind = upToNextMajorVersion;
				minimumVersion = 8.0.0;
			};
		};
/* End XCRemoteSwiftPackageReference section */
	};
	rootObject = C28B2C572796EA7D001216EA /* Project object */;
}
